// !$*UTF8*$!
{
	archiveVersion = 1;
	classes = {
	};
	objectVersion = 50;
	objects = {

/* Begin PBXBuildFile section */
		B700E98520DB5BBD0084FFD6 /* AppDelegate.swift in Sources */ = {isa = PBXBuildFile; fileRef = B700E98420DB5BBD0084FFD6 /* AppDelegate.swift */; };
		B700E98A20DB5BBD0084FFD6 /* Main.storyboard in Resources */ = {isa = PBXBuildFile; fileRef = B700E98820DB5BBD0084FFD6 /* Main.storyboard */; };
		B700E98D20DB5BBD0084FFD6 /* Feedmin.xcdatamodeld in Sources */ = {isa = PBXBuildFile; fileRef = B700E98B20DB5BBD0084FFD6 /* Feedmin.xcdatamodeld */; };
		B700E98F20DB5BC70084FFD6 /* Assets.xcassets in Resources */ = {isa = PBXBuildFile; fileRef = B700E98E20DB5BC70084FFD6 /* Assets.xcassets */; };
		B700E99220DB5BC70084FFD6 /* LaunchScreen.storyboard in Resources */ = {isa = PBXBuildFile; fileRef = B700E99020DB5BC70084FFD6 /* LaunchScreen.storyboard */; };
		B700E99C20DB62770084FFD6 /* SettingTableTableViewController.swift in Sources */ = {isa = PBXBuildFile; fileRef = B700E99B20DB62770084FFD6 /* SettingTableTableViewController.swift */; };
		B700E99E20DB6D620084FFD6 /* seturlTableViewController.swift in Sources */ = {isa = PBXBuildFile; fileRef = B700E99D20DB6D620084FFD6 /* seturlTableViewController.swift */; };
		B700E9A020DB6FB00084FFD6 /* InfoItem.swift in Sources */ = {isa = PBXBuildFile; fileRef = B700E99F20DB6FB00084FFD6 /* InfoItem.swift */; };
		B700E9A420DB87480084FFD6 /* coreData.swift in Sources */ = {isa = PBXBuildFile; fileRef = B700E9A320DB87480084FFD6 /* coreData.swift */; };
		B700E9A620DBB3E10084FFD6 /* mainCellView.xib in Resources */ = {isa = PBXBuildFile; fileRef = B700E9A520DBB3E10084FFD6 /* mainCellView.xib */; };
		B700E9A820DBB45A0084FFD6 /* mainCellView.swift in Sources */ = {isa = PBXBuildFile; fileRef = B700E9A720DBB45A0084FFD6 /* mainCellView.swift */; };
		B700E9AB20DBB4D40084FFD6 /* default01.png in Resources */ = {isa = PBXBuildFile; fileRef = B700E9AA20DBB4D40084FFD6 /* default01.png */; };
		B700E9B520DBC00E0084FFD6 /* timeLineTableViewController.swift in Sources */ = {isa = PBXBuildFile; fileRef = B700E9B420DBC00E0084FFD6 /* timeLineTableViewController.swift */; };
		B700E9B720DBC1A60084FFD6 /* animal01.png in Resources */ = {isa = PBXBuildFile; fileRef = B700E9B620DBC1A60084FFD6 /* animal01.png */; };
		B700E9B920DBD0E40084FFD6 /* articleViewController.swift in Sources */ = {isa = PBXBuildFile; fileRef = B700E9B820DBD0E40084FFD6 /* articleViewController.swift */; };
		B700E9BB20DBD8250084FFD6 /* myTabViewController.swift in Sources */ = {isa = PBXBuildFile; fileRef = B700E9BA20DBD8250084FFD6 /* myTabViewController.swift */; };
		B700E9BD20DBDC480084FFD6 /* favTableViewController.swift in Sources */ = {isa = PBXBuildFile; fileRef = B700E9BC20DBDC480084FFD6 /* favTableViewController.swift */; };
		B700E9BF20DBE4130084FFD6 /* favArticleViewController.swift in Sources */ = {isa = PBXBuildFile; fileRef = B700E9BE20DBE4130084FFD6 /* favArticleViewController.swift */; };
		B700E9C120DCCD580084FFD6 /* menuIco.png in Resources */ = {isa = PBXBuildFile; fileRef = B700E9C020DCCD570084FFD6 /* menuIco.png */; };
		B700E9C320DCD6200084FFD6 /* menuIco38.png in Resources */ = {isa = PBXBuildFile; fileRef = B700E9C220DCD61F0084FFD6 /* menuIco38.png */; };
		B700E9C520DCD7290084FFD6 /* menuIco60.png in Resources */ = {isa = PBXBuildFile; fileRef = B700E9C420DCD7290084FFD6 /* menuIco60.png */; };
		B700E9C920DD025F0084FFD6 /* SelectSiteTableViewController.swift in Sources */ = {isa = PBXBuildFile; fileRef = B700E9C820DD025F0084FFD6 /* SelectSiteTableViewController.swift */; };
		B700E9CB20DD1DE60084FFD6 /* selectSiteCell.xib in Resources */ = {isa = PBXBuildFile; fileRef = B700E9CA20DD1DE60084FFD6 /* selectSiteCell.xib */; };
		B700E9CD20DD1FA90084FFD6 /* selectSiteCell.swift in Sources */ = {isa = PBXBuildFile; fileRef = B700E9CC20DD1FA90084FFD6 /* selectSiteCell.swift */; };
		B73C98E120FD733600DB3A9B /* GoogleMobileAds.framework in Frameworks */ = {isa = PBXBuildFile; fileRef = B73C98E020FD733500DB3A9B /* GoogleMobileAds.framework */; };
		B73C98E52105A99600DB3A9B /* TimeLine.storyboard in Resources */ = {isa = PBXBuildFile; fileRef = B73C98E42105A99600DB3A9B /* TimeLine.storyboard */; };
		B73C98E72105A9BE00DB3A9B /* Favorite.storyboard in Resources */ = {isa = PBXBuildFile; fileRef = B73C98E62105A9BE00DB3A9B /* Favorite.storyboard */; };
		B73C98E92105A9E400DB3A9B /* Setting.storyboard in Resources */ = {isa = PBXBuildFile; fileRef = B73C98E82105A9E400DB3A9B /* Setting.storyboard */; };
		B74343CE20E8C45B0037A13F /* getRssFeedViewController.swift in Sources */ = {isa = PBXBuildFile; fileRef = B74343CD20E8C45A0037A13F /* getRssFeedViewController.swift */; };
		B74343D020E8FF0B0037A13F /* togaminViewController.swift in Sources */ = {isa = PBXBuildFile; fileRef = B74343CF20E8FF0B0037A13F /* togaminViewController.swift */; };
		B74343D220E908410037A13F /* FeedminTableViewController.swift in Sources */ = {isa = PBXBuildFile; fileRef = B74343D120E908410037A13F /* FeedminTableViewController.swift */; };
		B74343D420E910860037A13F /* FeedminCell.xib in Resources */ = {isa = PBXBuildFile; fileRef = B74343D320E910860037A13F /* FeedminCell.xib */; };
		B74343D820E911410037A13F /* feedmin01.png in Resources */ = {isa = PBXBuildFile; fileRef = B74343D520E911400037A13F /* feedmin01.png */; };
		B74343D920E911410037A13F /* feedmin03.png in Resources */ = {isa = PBXBuildFile; fileRef = B74343D620E911400037A13F /* feedmin03.png */; };
		B74343DA20E911410037A13F /* feedmin02.png in Resources */ = {isa = PBXBuildFile; fileRef = B74343D720E911400037A13F /* feedmin02.png */; };
		B74343DC20E919FC0037A13F /* FeedminViewController.swift in Sources */ = {isa = PBXBuildFile; fileRef = B74343DB20E919FC0037A13F /* FeedminViewController.swift */; };
		B74343DE20EA03D70037A13F /* setting.png in Resources */ = {isa = PBXBuildFile; fileRef = B74343DD20EA03D60037A13F /* setting.png */; };
		B7486B8520E0BC0800B9E27D /* animalCollectionViewController.swift in Sources */ = {isa = PBXBuildFile; fileRef = B7486B8420E0BC0800B9E27D /* animalCollectionViewController.swift */; };
		B7486B8B20E0D46D00B9E27D /* animal03.png in Resources */ = {isa = PBXBuildFile; fileRef = B7486B8A20E0D46D00B9E27D /* animal03.png */; };
		B7486B8D20E0D4C900B9E27D /* animal04.png in Resources */ = {isa = PBXBuildFile; fileRef = B7486B8C20E0D4C900B9E27D /* animal04.png */; };
		B7486B8F20E0D56500B9E27D /* animal05.png in Resources */ = {isa = PBXBuildFile; fileRef = B7486B8E20E0D56500B9E27D /* animal05.png */; };
		B7486B9120E0D65000B9E27D /* animal06.png in Resources */ = {isa = PBXBuildFile; fileRef = B7486B9020E0D65000B9E27D /* animal06.png */; };
		B7486B9320E0D6D900B9E27D /* animal07.png in Resources */ = {isa = PBXBuildFile; fileRef = B7486B9220E0D6D900B9E27D /* animal07.png */; };
		B7486B9520E0F82700B9E27D /* articleNumTableViewController.swift in Sources */ = {isa = PBXBuildFile; fileRef = B7486B9420E0F82700B9E27D /* articleNumTableViewController.swift */; };
		B7486B9720E12E2600B9E27D /* animal02.png in Resources */ = {isa = PBXBuildFile; fileRef = B7486B9620E12E2600B9E27D /* animal02.png */; };
		B7486B9920E12F6800B9E27D /* animal08.png in Resources */ = {isa = PBXBuildFile; fileRef = B7486B9820E12F6800B9E27D /* animal08.png */; };
		B7486B9B20E1307400B9E27D /* animal09.png in Resources */ = {isa = PBXBuildFile; fileRef = B7486B9A20E1307300B9E27D /* animal09.png */; };
		B7486BA520E1347100B9E27D /* animal10.png in Resources */ = {isa = PBXBuildFile; fileRef = B7486B9E20E1346F00B9E27D /* animal10.png */; };
		B7486BA620E1347100B9E27D /* animal16.png in Resources */ = {isa = PBXBuildFile; fileRef = B7486B9F20E1346F00B9E27D /* animal16.png */; };
		B7486BA720E1347100B9E27D /* animal13.png in Resources */ = {isa = PBXBuildFile; fileRef = B7486BA020E1346F00B9E27D /* animal13.png */; };
		B7486BA820E1347100B9E27D /* animal12.png in Resources */ = {isa = PBXBuildFile; fileRef = B7486BA120E1347000B9E27D /* animal12.png */; };
		B7486BA920E1347100B9E27D /* animal11.png in Resources */ = {isa = PBXBuildFile; fileRef = B7486BA220E1347000B9E27D /* animal11.png */; };
		B7486BAA20E1347100B9E27D /* animal14.png in Resources */ = {isa = PBXBuildFile; fileRef = B7486BA320E1347000B9E27D /* animal14.png */; };
		B7486BAB20E1347100B9E27D /* animal15.png in Resources */ = {isa = PBXBuildFile; fileRef = B7486BA420E1347000B9E27D /* animal15.png */; };
		B7486BBE20E13DFD00B9E27D /* animal34.png in Resources */ = {isa = PBXBuildFile; fileRef = B7486BAC20E13DF800B9E27D /* animal34.png */; };
		B7486BBF20E13DFD00B9E27D /* animal19.png in Resources */ = {isa = PBXBuildFile; fileRef = B7486BAD20E13DF800B9E27D /* animal19.png */; };
		B7486BC020E13DFD00B9E27D /* animal23.png in Resources */ = {isa = PBXBuildFile; fileRef = B7486BAE20E13DF900B9E27D /* animal23.png */; };
		B7486BC120E13DFD00B9E27D /* animal22.png in Resources */ = {isa = PBXBuildFile; fileRef = B7486BAF20E13DF900B9E27D /* animal22.png */; };
		B7486BC220E13DFD00B9E27D /* animal21.png in Resources */ = {isa = PBXBuildFile; fileRef = B7486BB020E13DFA00B9E27D /* animal21.png */; };
		B7486BC320E13DFD00B9E27D /* animal24.png in Resources */ = {isa = PBXBuildFile; fileRef = B7486BB120E13DFA00B9E27D /* animal24.png */; };
		B7486BC420E13DFD00B9E27D /* animal17.png in Resources */ = {isa = PBXBuildFile; fileRef = B7486BB220E13DFA00B9E27D /* animal17.png */; };
		B7486BC520E13DFD00B9E27D /* animal28.png in Resources */ = {isa = PBXBuildFile; fileRef = B7486BB320E13DFA00B9E27D /* animal28.png */; };
		B7486BC620E13DFD00B9E27D /* animal32.png in Resources */ = {isa = PBXBuildFile; fileRef = B7486BB420E13DFA00B9E27D /* animal32.png */; };
		B7486BC720E13DFD00B9E27D /* animal26.png in Resources */ = {isa = PBXBuildFile; fileRef = B7486BB520E13DFB00B9E27D /* animal26.png */; };
		B7486BC820E13DFD00B9E27D /* animal29.png in Resources */ = {isa = PBXBuildFile; fileRef = B7486BB620E13DFB00B9E27D /* animal29.png */; };
		B7486BC920E13DFD00B9E27D /* animal30.png in Resources */ = {isa = PBXBuildFile; fileRef = B7486BB720E13DFB00B9E27D /* animal30.png */; };
		B7486BCA20E13DFD00B9E27D /* animal20.png in Resources */ = {isa = PBXBuildFile; fileRef = B7486BB820E13DFB00B9E27D /* animal20.png */; };
		B7486BCB20E13DFD00B9E27D /* animal18.png in Resources */ = {isa = PBXBuildFile; fileRef = B7486BB920E13DFB00B9E27D /* animal18.png */; };
		B7486BCC20E13DFD00B9E27D /* animal33.png in Resources */ = {isa = PBXBuildFile; fileRef = B7486BBA20E13DFB00B9E27D /* animal33.png */; };
		B7486BCD20E13DFD00B9E27D /* animal25.png in Resources */ = {isa = PBXBuildFile; fileRef = B7486BBB20E13DFC00B9E27D /* animal25.png */; };
		B7486BCE20E13DFD00B9E27D /* animal27.png in Resources */ = {isa = PBXBuildFile; fileRef = B7486BBC20E13DFC00B9E27D /* animal27.png */; };
		B7486BCF20E13DFD00B9E27D /* animal31.png in Resources */ = {isa = PBXBuildFile; fileRef = B7486BBD20E13DFD00B9E27D /* animal31.png */; };
		B7486BD220E378C700B9E27D /* fav02.png in Resources */ = {isa = PBXBuildFile; fileRef = B7486BD020E378C600B9E27D /* fav02.png */; };
		B7486BD320E378C700B9E27D /* fav01.png in Resources */ = {isa = PBXBuildFile; fileRef = B7486BD120E378C600B9E27D /* fav01.png */; };
		B7486BDA20E3E93F00B9E27D /* animal36.png in Resources */ = {isa = PBXBuildFile; fileRef = B7486BD420E3E93D00B9E27D /* animal36.png */; };
		B7486BDB20E3E93F00B9E27D /* animal35.png in Resources */ = {isa = PBXBuildFile; fileRef = B7486BD520E3E93E00B9E27D /* animal35.png */; };
		B7486BDC20E3E93F00B9E27D /* animal39.png in Resources */ = {isa = PBXBuildFile; fileRef = B7486BD620E3E93E00B9E27D /* animal39.png */; };
		B7486BDD20E3E93F00B9E27D /* animal40.png in Resources */ = {isa = PBXBuildFile; fileRef = B7486BD720E3E93E00B9E27D /* animal40.png */; };
		B7486BDE20E3E93F00B9E27D /* animal38.png in Resources */ = {isa = PBXBuildFile; fileRef = B7486BD820E3E93F00B9E27D /* animal38.png */; };
		B7486BDF20E3E93F00B9E27D /* animal37.png in Resources */ = {isa = PBXBuildFile; fileRef = B7486BD920E3E93F00B9E27D /* animal37.png */; };
		B7486BE520E3ED4B00B9E27D /* animal44.png in Resources */ = {isa = PBXBuildFile; fileRef = B7486BE020E3ED4900B9E27D /* animal44.png */; };
		B7486BE620E3ED4B00B9E27D /* animal41.png in Resources */ = {isa = PBXBuildFile; fileRef = B7486BE120E3ED4900B9E27D /* animal41.png */; };
		B7486BE720E3ED4B00B9E27D /* animal42.png in Resources */ = {isa = PBXBuildFile; fileRef = B7486BE220E3ED4A00B9E27D /* animal42.png */; };
		B7486BE820E3ED4B00B9E27D /* animal43.png in Resources */ = {isa = PBXBuildFile; fileRef = B7486BE320E3ED4B00B9E27D /* animal43.png */; };
		B7486BE920E3ED4B00B9E27D /* animal45.png in Resources */ = {isa = PBXBuildFile; fileRef = B7486BE420E3ED4B00B9E27D /* animal45.png */; };
		B7486C0C20E4E34100B9E27D /* animal46.png in Resources */ = {isa = PBXBuildFile; fileRef = B7486C0B20E4E34100B9E27D /* animal46.png */; };
		B7486C1120E4E34E00B9E27D /* animal47.png in Resources */ = {isa = PBXBuildFile; fileRef = B7486C0D20E4E34D00B9E27D /* animal47.png */; };
		B7486C1220E4E34E00B9E27D /* animal48.png in Resources */ = {isa = PBXBuildFile; fileRef = B7486C0E20E4E34D00B9E27D /* animal48.png */; };
		B7486C1320E4E34E00B9E27D /* animal50.png in Resources */ = {isa = PBXBuildFile; fileRef = B7486C0F20E4E34D00B9E27D /* animal50.png */; };
		B7486C1420E4E34E00B9E27D /* animal49.png in Resources */ = {isa = PBXBuildFile; fileRef = B7486C1020E4E34E00B9E27D /* animal49.png */; };
		B7486C1B20E4FE0100B9E27D /* animal54.png in Resources */ = {isa = PBXBuildFile; fileRef = B7486C1520E4FDFD00B9E27D /* animal54.png */; };
		B7486C1C20E4FE0100B9E27D /* animal56.png in Resources */ = {isa = PBXBuildFile; fileRef = B7486C1620E4FDFD00B9E27D /* animal56.png */; };
		B7486C1D20E4FE0100B9E27D /* animal55.png in Resources */ = {isa = PBXBuildFile; fileRef = B7486C1720E4FDFE00B9E27D /* animal55.png */; };
		B7486C1E20E4FE0100B9E27D /* animal53.png in Resources */ = {isa = PBXBuildFile; fileRef = B7486C1820E4FDFE00B9E27D /* animal53.png */; };
		B7486C1F20E4FE0100B9E27D /* animal51.png in Resources */ = {isa = PBXBuildFile; fileRef = B7486C1920E4FDFF00B9E27D /* animal51.png */; };
		B7486C2020E4FE0100B9E27D /* animal52.png in Resources */ = {isa = PBXBuildFile; fileRef = B7486C1A20E4FDFF00B9E27D /* animal52.png */; };
		B7486C2D20E7A49C00B9E27D /* SwiftyJSON.swift in Sources */ = {isa = PBXBuildFile; fileRef = B7486C2C20E7A49B00B9E27D /* SwiftyJSON.swift */; };
		B7A008A020F4EB4F003ECA14 /* AdSupport.framework in Frameworks */ = {isa = PBXBuildFile; fileRef = B7A0089F20F4EB4F003ECA14 /* AdSupport.framework */; };
		B7A008A220F4EB66003ECA14 /* AudioToolbox.framework in Frameworks */ = {isa = PBXBuildFile; fileRef = B7A008A120F4EB66003ECA14 /* AudioToolbox.framework */; };
		B7A008A420F4EB70003ECA14 /* AVFoundation.framework in Frameworks */ = {isa = PBXBuildFile; fileRef = B7A008A320F4EB70003ECA14 /* AVFoundation.framework */; };
		B7A008A620F4EB7E003ECA14 /* CoreGraphics.framework in Frameworks */ = {isa = PBXBuildFile; fileRef = B7A008A520F4EB7E003ECA14 /* CoreGraphics.framework */; };
		B7A008A820F4EB93003ECA14 /* CoreTelephony.framework in Frameworks */ = {isa = PBXBuildFile; fileRef = B7A008A720F4EB93003ECA14 /* CoreTelephony.framework */; };
		B7A008AB20F4EBA7003ECA14 /* EventKit.framework in Frameworks */ = {isa = PBXBuildFile; fileRef = B7A008A920F4EBA6003ECA14 /* EventKit.framework */; };
		B7A008AC20F4EBA7003ECA14 /* EventKitUI.framework in Frameworks */ = {isa = PBXBuildFile; fileRef = B7A008AA20F4EBA7003ECA14 /* EventKitUI.framework */; };
		B7A008AE20F4EBB7003ECA14 /* MessageUI.framework in Frameworks */ = {isa = PBXBuildFile; fileRef = B7A008AD20F4EBB7003ECA14 /* MessageUI.framework */; };
		B7A008B020F4EBC4003ECA14 /* StoreKit.framework in Frameworks */ = {isa = PBXBuildFile; fileRef = B7A008AF20F4EBC4003ECA14 /* StoreKit.framework */; };
		B7A008B220F4EBCF003ECA14 /* SystemConfiguration.framework in Frameworks */ = {isa = PBXBuildFile; fileRef = B7A008B120F4EBCF003ECA14 /* SystemConfiguration.framework */; };
		B7A008B420F61BCD003ECA14 /* EditSiteTableViewController.swift in Sources */ = {isa = PBXBuildFile; fileRef = B7A008B320F61BCD003ECA14 /* EditSiteTableViewController.swift */; };
/* End PBXBuildFile section */

/* Begin PBXFileReference section */
		B700E98120DB5BBD0084FFD6 /* Feedmin.app */ = {isa = PBXFileReference; explicitFileType = wrapper.application; includeInIndex = 0; path = Feedmin.app; sourceTree = BUILT_PRODUCTS_DIR; };
		B700E98420DB5BBD0084FFD6 /* AppDelegate.swift */ = {isa = PBXFileReference; lastKnownFileType = sourcecode.swift; path = AppDelegate.swift; sourceTree = "<group>"; };
		B700E98920DB5BBD0084FFD6 /* Base */ = {isa = PBXFileReference; lastKnownFileType = file.storyboard; name = Base; path = Base.lproj/Main.storyboard; sourceTree = "<group>"; };
		B700E98C20DB5BBD0084FFD6 /* Feedmin.xcdatamodel */ = {isa = PBXFileReference; lastKnownFileType = wrapper.xcdatamodel; path = Feedmin.xcdatamodel; sourceTree = "<group>"; };
		B700E98E20DB5BC70084FFD6 /* Assets.xcassets */ = {isa = PBXFileReference; lastKnownFileType = folder.assetcatalog; path = Assets.xcassets; sourceTree = "<group>"; };
		B700E99120DB5BC70084FFD6 /* Base */ = {isa = PBXFileReference; lastKnownFileType = file.storyboard; name = Base; path = Base.lproj/LaunchScreen.storyboard; sourceTree = "<group>"; };
		B700E99320DB5BC70084FFD6 /* Info.plist */ = {isa = PBXFileReference; lastKnownFileType = text.plist.xml; path = Info.plist; sourceTree = "<group>"; };
		B700E99B20DB62770084FFD6 /* SettingTableTableViewController.swift */ = {isa = PBXFileReference; lastKnownFileType = sourcecode.swift; path = SettingTableTableViewController.swift; sourceTree = "<group>"; };
		B700E99D20DB6D620084FFD6 /* seturlTableViewController.swift */ = {isa = PBXFileReference; lastKnownFileType = sourcecode.swift; path = seturlTableViewController.swift; sourceTree = "<group>"; };
		B700E99F20DB6FB00084FFD6 /* InfoItem.swift */ = {isa = PBXFileReference; lastKnownFileType = sourcecode.swift; path = InfoItem.swift; sourceTree = "<group>"; };
		B700E9A320DB87480084FFD6 /* coreData.swift */ = {isa = PBXFileReference; lastKnownFileType = sourcecode.swift; path = coreData.swift; sourceTree = "<group>"; };
		B700E9A520DBB3E10084FFD6 /* mainCellView.xib */ = {isa = PBXFileReference; lastKnownFileType = file.xib; path = mainCellView.xib; sourceTree = "<group>"; };
		B700E9A720DBB45A0084FFD6 /* mainCellView.swift */ = {isa = PBXFileReference; lastKnownFileType = sourcecode.swift; path = mainCellView.swift; sourceTree = "<group>"; };
		B700E9AA20DBB4D40084FFD6 /* default01.png */ = {isa = PBXFileReference; lastKnownFileType = image.png; path = default01.png; sourceTree = "<group>"; };
		B700E9B420DBC00E0084FFD6 /* timeLineTableViewController.swift */ = {isa = PBXFileReference; lastKnownFileType = sourcecode.swift; path = timeLineTableViewController.swift; sourceTree = "<group>"; };
		B700E9B620DBC1A60084FFD6 /* animal01.png */ = {isa = PBXFileReference; lastKnownFileType = image.png; path = animal01.png; sourceTree = "<group>"; };
		B700E9B820DBD0E40084FFD6 /* articleViewController.swift */ = {isa = PBXFileReference; lastKnownFileType = sourcecode.swift; path = articleViewController.swift; sourceTree = "<group>"; };
		B700E9BA20DBD8250084FFD6 /* myTabViewController.swift */ = {isa = PBXFileReference; lastKnownFileType = sourcecode.swift; path = myTabViewController.swift; sourceTree = "<group>"; };
		B700E9BC20DBDC480084FFD6 /* favTableViewController.swift */ = {isa = PBXFileReference; lastKnownFileType = sourcecode.swift; path = favTableViewController.swift; sourceTree = "<group>"; };
		B700E9BE20DBE4130084FFD6 /* favArticleViewController.swift */ = {isa = PBXFileReference; lastKnownFileType = sourcecode.swift; path = favArticleViewController.swift; sourceTree = "<group>"; };
		B700E9C020DCCD570084FFD6 /* menuIco.png */ = {isa = PBXFileReference; lastKnownFileType = image.png; path = menuIco.png; sourceTree = "<group>"; };
		B700E9C220DCD61F0084FFD6 /* menuIco38.png */ = {isa = PBXFileReference; lastKnownFileType = image.png; path = menuIco38.png; sourceTree = "<group>"; };
		B700E9C420DCD7290084FFD6 /* menuIco60.png */ = {isa = PBXFileReference; lastKnownFileType = image.png; path = menuIco60.png; sourceTree = "<group>"; };
		B700E9C820DD025F0084FFD6 /* SelectSiteTableViewController.swift */ = {isa = PBXFileReference; lastKnownFileType = sourcecode.swift; path = SelectSiteTableViewController.swift; sourceTree = "<group>"; };
		B700E9CA20DD1DE60084FFD6 /* selectSiteCell.xib */ = {isa = PBXFileReference; lastKnownFileType = file.xib; path = selectSiteCell.xib; sourceTree = "<group>"; };
		B700E9CC20DD1FA90084FFD6 /* selectSiteCell.swift */ = {isa = PBXFileReference; lastKnownFileType = sourcecode.swift; path = selectSiteCell.swift; sourceTree = "<group>"; };
		B73C98E020FD733500DB3A9B /* GoogleMobileAds.framework */ = {isa = PBXFileReference; lastKnownFileType = wrapper.framework; name = GoogleMobileAds.framework; path = "../../GoogleMobileAdsSdkiOS-7.31.0/GoogleMobileAds.framework"; sourceTree = "<group>"; };
		B73C98E42105A99600DB3A9B /* TimeLine.storyboard */ = {isa = PBXFileReference; lastKnownFileType = file.storyboard; path = TimeLine.storyboard; sourceTree = "<group>"; };
		B73C98E62105A9BE00DB3A9B /* Favorite.storyboard */ = {isa = PBXFileReference; lastKnownFileType = file.storyboard; path = Favorite.storyboard; sourceTree = "<group>"; };
		B73C98E82105A9E400DB3A9B /* Setting.storyboard */ = {isa = PBXFileReference; lastKnownFileType = file.storyboard; path = Setting.storyboard; sourceTree = "<group>"; };
		B74343CD20E8C45A0037A13F /* getRssFeedViewController.swift */ = {isa = PBXFileReference; lastKnownFileType = sourcecode.swift; path = getRssFeedViewController.swift; sourceTree = "<group>"; };
		B74343CF20E8FF0B0037A13F /* togaminViewController.swift */ = {isa = PBXFileReference; lastKnownFileType = sourcecode.swift; path = togaminViewController.swift; sourceTree = "<group>"; };
		B74343D120E908410037A13F /* FeedminTableViewController.swift */ = {isa = PBXFileReference; lastKnownFileType = sourcecode.swift; path = FeedminTableViewController.swift; sourceTree = "<group>"; };
		B74343D320E910860037A13F /* FeedminCell.xib */ = {isa = PBXFileReference; lastKnownFileType = file.xib; path = FeedminCell.xib; sourceTree = "<group>"; };
		B74343D520E911400037A13F /* feedmin01.png */ = {isa = PBXFileReference; lastKnownFileType = image.png; path = feedmin01.png; sourceTree = "<group>"; };
		B74343D620E911400037A13F /* feedmin03.png */ = {isa = PBXFileReference; lastKnownFileType = image.png; path = feedmin03.png; sourceTree = "<group>"; };
		B74343D720E911400037A13F /* feedmin02.png */ = {isa = PBXFileReference; lastKnownFileType = image.png; path = feedmin02.png; sourceTree = "<group>"; };
		B74343DB20E919FC0037A13F /* FeedminViewController.swift */ = {isa = PBXFileReference; lastKnownFileType = sourcecode.swift; path = FeedminViewController.swift; sourceTree = "<group>"; };
		B74343DD20EA03D60037A13F /* setting.png */ = {isa = PBXFileReference; lastKnownFileType = image.png; path = setting.png; sourceTree = "<group>"; };
		B7486B8420E0BC0800B9E27D /* animalCollectionViewController.swift */ = {isa = PBXFileReference; lastKnownFileType = sourcecode.swift; path = animalCollectionViewController.swift; sourceTree = "<group>"; };
		B7486B8A20E0D46D00B9E27D /* animal03.png */ = {isa = PBXFileReference; lastKnownFileType = image.png; path = animal03.png; sourceTree = "<group>"; };
		B7486B8C20E0D4C900B9E27D /* animal04.png */ = {isa = PBXFileReference; lastKnownFileType = image.png; path = animal04.png; sourceTree = "<group>"; };
		B7486B8E20E0D56500B9E27D /* animal05.png */ = {isa = PBXFileReference; lastKnownFileType = image.png; path = animal05.png; sourceTree = "<group>"; };
		B7486B9020E0D65000B9E27D /* animal06.png */ = {isa = PBXFileReference; lastKnownFileType = image.png; path = animal06.png; sourceTree = "<group>"; };
		B7486B9220E0D6D900B9E27D /* animal07.png */ = {isa = PBXFileReference; lastKnownFileType = image.png; path = animal07.png; sourceTree = "<group>"; };
		B7486B9420E0F82700B9E27D /* articleNumTableViewController.swift */ = {isa = PBXFileReference; lastKnownFileType = sourcecode.swift; path = articleNumTableViewController.swift; sourceTree = "<group>"; };
		B7486B9620E12E2600B9E27D /* animal02.png */ = {isa = PBXFileReference; lastKnownFileType = image.png; path = animal02.png; sourceTree = "<group>"; };
		B7486B9820E12F6800B9E27D /* animal08.png */ = {isa = PBXFileReference; lastKnownFileType = image.png; path = animal08.png; sourceTree = "<group>"; };
		B7486B9A20E1307300B9E27D /* animal09.png */ = {isa = PBXFileReference; lastKnownFileType = image.png; path = animal09.png; sourceTree = "<group>"; };
		B7486B9E20E1346F00B9E27D /* animal10.png */ = {isa = PBXFileReference; lastKnownFileType = image.png; name = animal10.png; path = ../../../images/animal10.png; sourceTree = "<group>"; };
		B7486B9F20E1346F00B9E27D /* animal16.png */ = {isa = PBXFileReference; lastKnownFileType = image.png; path = animal16.png; sourceTree = "<group>"; };
		B7486BA020E1346F00B9E27D /* animal13.png */ = {isa = PBXFileReference; lastKnownFileType = image.png; path = animal13.png; sourceTree = "<group>"; };
		B7486BA120E1347000B9E27D /* animal12.png */ = {isa = PBXFileReference; lastKnownFileType = image.png; path = animal12.png; sourceTree = "<group>"; };
		B7486BA220E1347000B9E27D /* animal11.png */ = {isa = PBXFileReference; lastKnownFileType = image.png; path = animal11.png; sourceTree = "<group>"; };
		B7486BA320E1347000B9E27D /* animal14.png */ = {isa = PBXFileReference; lastKnownFileType = image.png; path = animal14.png; sourceTree = "<group>"; };
		B7486BA420E1347000B9E27D /* animal15.png */ = {isa = PBXFileReference; lastKnownFileType = image.png; path = animal15.png; sourceTree = "<group>"; };
		B7486BAC20E13DF800B9E27D /* animal34.png */ = {isa = PBXFileReference; lastKnownFileType = image.png; path = animal34.png; sourceTree = "<group>"; };
		B7486BAD20E13DF800B9E27D /* animal19.png */ = {isa = PBXFileReference; lastKnownFileType = image.png; path = animal19.png; sourceTree = "<group>"; };
		B7486BAE20E13DF900B9E27D /* animal23.png */ = {isa = PBXFileReference; lastKnownFileType = image.png; path = animal23.png; sourceTree = "<group>"; };
		B7486BAF20E13DF900B9E27D /* animal22.png */ = {isa = PBXFileReference; lastKnownFileType = image.png; path = animal22.png; sourceTree = "<group>"; };
		B7486BB020E13DFA00B9E27D /* animal21.png */ = {isa = PBXFileReference; lastKnownFileType = image.png; path = animal21.png; sourceTree = "<group>"; };
		B7486BB120E13DFA00B9E27D /* animal24.png */ = {isa = PBXFileReference; lastKnownFileType = image.png; path = animal24.png; sourceTree = "<group>"; };
		B7486BB220E13DFA00B9E27D /* animal17.png */ = {isa = PBXFileReference; lastKnownFileType = image.png; path = animal17.png; sourceTree = "<group>"; };
		B7486BB320E13DFA00B9E27D /* animal28.png */ = {isa = PBXFileReference; lastKnownFileType = image.png; path = animal28.png; sourceTree = "<group>"; };
		B7486BB420E13DFA00B9E27D /* animal32.png */ = {isa = PBXFileReference; lastKnownFileType = image.png; path = animal32.png; sourceTree = "<group>"; };
		B7486BB520E13DFB00B9E27D /* animal26.png */ = {isa = PBXFileReference; lastKnownFileType = image.png; path = animal26.png; sourceTree = "<group>"; };
		B7486BB620E13DFB00B9E27D /* animal29.png */ = {isa = PBXFileReference; lastKnownFileType = image.png; path = animal29.png; sourceTree = "<group>"; };
		B7486BB720E13DFB00B9E27D /* animal30.png */ = {isa = PBXFileReference; lastKnownFileType = image.png; path = animal30.png; sourceTree = "<group>"; };
		B7486BB820E13DFB00B9E27D /* animal20.png */ = {isa = PBXFileReference; lastKnownFileType = image.png; path = animal20.png; sourceTree = "<group>"; };
		B7486BB920E13DFB00B9E27D /* animal18.png */ = {isa = PBXFileReference; lastKnownFileType = image.png; path = animal18.png; sourceTree = "<group>"; };
		B7486BBA20E13DFB00B9E27D /* animal33.png */ = {isa = PBXFileReference; lastKnownFileType = image.png; path = animal33.png; sourceTree = "<group>"; };
		B7486BBB20E13DFC00B9E27D /* animal25.png */ = {isa = PBXFileReference; lastKnownFileType = image.png; path = animal25.png; sourceTree = "<group>"; };
		B7486BBC20E13DFC00B9E27D /* animal27.png */ = {isa = PBXFileReference; lastKnownFileType = image.png; path = animal27.png; sourceTree = "<group>"; };
		B7486BBD20E13DFD00B9E27D /* animal31.png */ = {isa = PBXFileReference; lastKnownFileType = image.png; path = animal31.png; sourceTree = "<group>"; };
		B7486BD020E378C600B9E27D /* fav02.png */ = {isa = PBXFileReference; lastKnownFileType = image.png; path = fav02.png; sourceTree = "<group>"; };
		B7486BD120E378C600B9E27D /* fav01.png */ = {isa = PBXFileReference; lastKnownFileType = image.png; path = fav01.png; sourceTree = "<group>"; };
		B7486BD420E3E93D00B9E27D /* animal36.png */ = {isa = PBXFileReference; lastKnownFileType = image.png; path = animal36.png; sourceTree = "<group>"; };
		B7486BD520E3E93E00B9E27D /* animal35.png */ = {isa = PBXFileReference; lastKnownFileType = image.png; path = animal35.png; sourceTree = "<group>"; };
		B7486BD620E3E93E00B9E27D /* animal39.png */ = {isa = PBXFileReference; lastKnownFileType = image.png; path = animal39.png; sourceTree = "<group>"; };
		B7486BD720E3E93E00B9E27D /* animal40.png */ = {isa = PBXFileReference; lastKnownFileType = image.png; path = animal40.png; sourceTree = "<group>"; };
		B7486BD820E3E93F00B9E27D /* animal38.png */ = {isa = PBXFileReference; lastKnownFileType = image.png; path = animal38.png; sourceTree = "<group>"; };
		B7486BD920E3E93F00B9E27D /* animal37.png */ = {isa = PBXFileReference; lastKnownFileType = image.png; path = animal37.png; sourceTree = "<group>"; };
		B7486BE020E3ED4900B9E27D /* animal44.png */ = {isa = PBXFileReference; lastKnownFileType = image.png; path = animal44.png; sourceTree = "<group>"; };
		B7486BE120E3ED4900B9E27D /* animal41.png */ = {isa = PBXFileReference; lastKnownFileType = image.png; path = animal41.png; sourceTree = "<group>"; };
		B7486BE220E3ED4A00B9E27D /* animal42.png */ = {isa = PBXFileReference; lastKnownFileType = image.png; path = animal42.png; sourceTree = "<group>"; };
		B7486BE320E3ED4B00B9E27D /* animal43.png */ = {isa = PBXFileReference; lastKnownFileType = image.png; path = animal43.png; sourceTree = "<group>"; };
		B7486BE420E3ED4B00B9E27D /* animal45.png */ = {isa = PBXFileReference; lastKnownFileType = image.png; path = animal45.png; sourceTree = "<group>"; };
		B7486C0B20E4E34100B9E27D /* animal46.png */ = {isa = PBXFileReference; lastKnownFileType = image.png; path = animal46.png; sourceTree = "<group>"; };
		B7486C0D20E4E34D00B9E27D /* animal47.png */ = {isa = PBXFileReference; lastKnownFileType = image.png; path = animal47.png; sourceTree = "<group>"; };
		B7486C0E20E4E34D00B9E27D /* animal48.png */ = {isa = PBXFileReference; lastKnownFileType = image.png; path = animal48.png; sourceTree = "<group>"; };
		B7486C0F20E4E34D00B9E27D /* animal50.png */ = {isa = PBXFileReference; lastKnownFileType = image.png; path = animal50.png; sourceTree = "<group>"; };
		B7486C1020E4E34E00B9E27D /* animal49.png */ = {isa = PBXFileReference; lastKnownFileType = image.png; path = animal49.png; sourceTree = "<group>"; };
		B7486C1520E4FDFD00B9E27D /* animal54.png */ = {isa = PBXFileReference; lastKnownFileType = image.png; path = animal54.png; sourceTree = "<group>"; };
		B7486C1620E4FDFD00B9E27D /* animal56.png */ = {isa = PBXFileReference; lastKnownFileType = image.png; path = animal56.png; sourceTree = "<group>"; };
		B7486C1720E4FDFE00B9E27D /* animal55.png */ = {isa = PBXFileReference; lastKnownFileType = image.png; path = animal55.png; sourceTree = "<group>"; };
		B7486C1820E4FDFE00B9E27D /* animal53.png */ = {isa = PBXFileReference; lastKnownFileType = image.png; path = animal53.png; sourceTree = "<group>"; };
		B7486C1920E4FDFF00B9E27D /* animal51.png */ = {isa = PBXFileReference; lastKnownFileType = image.png; path = animal51.png; sourceTree = "<group>"; };
		B7486C1A20E4FDFF00B9E27D /* animal52.png */ = {isa = PBXFileReference; lastKnownFileType = image.png; path = animal52.png; sourceTree = "<group>"; };
		B7486C2C20E7A49B00B9E27D /* SwiftyJSON.swift */ = {isa = PBXFileReference; fileEncoding = 4; lastKnownFileType = sourcecode.swift; path = SwiftyJSON.swift; sourceTree = "<group>"; };
		B7A0089F20F4EB4F003ECA14 /* AdSupport.framework */ = {isa = PBXFileReference; lastKnownFileType = wrapper.framework; name = AdSupport.framework; path = System/Library/Frameworks/AdSupport.framework; sourceTree = SDKROOT; };
		B7A008A120F4EB66003ECA14 /* AudioToolbox.framework */ = {isa = PBXFileReference; lastKnownFileType = wrapper.framework; name = AudioToolbox.framework; path = System/Library/Frameworks/AudioToolbox.framework; sourceTree = SDKROOT; };
		B7A008A320F4EB70003ECA14 /* AVFoundation.framework */ = {isa = PBXFileReference; lastKnownFileType = wrapper.framework; name = AVFoundation.framework; path = System/Library/Frameworks/AVFoundation.framework; sourceTree = SDKROOT; };
		B7A008A520F4EB7E003ECA14 /* CoreGraphics.framework */ = {isa = PBXFileReference; lastKnownFileType = wrapper.framework; name = CoreGraphics.framework; path = System/Library/Frameworks/CoreGraphics.framework; sourceTree = SDKROOT; };
		B7A008A720F4EB93003ECA14 /* CoreTelephony.framework */ = {isa = PBXFileReference; lastKnownFileType = wrapper.framework; name = CoreTelephony.framework; path = System/Library/Frameworks/CoreTelephony.framework; sourceTree = SDKROOT; };
		B7A008A920F4EBA6003ECA14 /* EventKit.framework */ = {isa = PBXFileReference; lastKnownFileType = wrapper.framework; name = EventKit.framework; path = System/Library/Frameworks/EventKit.framework; sourceTree = SDKROOT; };
		B7A008AA20F4EBA7003ECA14 /* EventKitUI.framework */ = {isa = PBXFileReference; lastKnownFileType = wrapper.framework; name = EventKitUI.framework; path = System/Library/Frameworks/EventKitUI.framework; sourceTree = SDKROOT; };
		B7A008AD20F4EBB7003ECA14 /* MessageUI.framework */ = {isa = PBXFileReference; lastKnownFileType = wrapper.framework; name = MessageUI.framework; path = System/Library/Frameworks/MessageUI.framework; sourceTree = SDKROOT; };
		B7A008AF20F4EBC4003ECA14 /* StoreKit.framework */ = {isa = PBXFileReference; lastKnownFileType = wrapper.framework; name = StoreKit.framework; path = System/Library/Frameworks/StoreKit.framework; sourceTree = SDKROOT; };
		B7A008B120F4EBCF003ECA14 /* SystemConfiguration.framework */ = {isa = PBXFileReference; lastKnownFileType = wrapper.framework; name = SystemConfiguration.framework; path = System/Library/Frameworks/SystemConfiguration.framework; sourceTree = SDKROOT; };
		B7A008B320F61BCD003ECA14 /* EditSiteTableViewController.swift */ = {isa = PBXFileReference; lastKnownFileType = sourcecode.swift; path = EditSiteTableViewController.swift; sourceTree = "<group>"; };
/* End PBXFileReference section */

/* Begin PBXFrameworksBuildPhase section */
		B700E97E20DB5BBD0084FFD6 /* Frameworks */ = {
			isa = PBXFrameworksBuildPhase;
			buildActionMask = 2147483647;
			files = (
				B7A008B220F4EBCF003ECA14 /* SystemConfiguration.framework in Frameworks */,
				B7A008B020F4EBC4003ECA14 /* StoreKit.framework in Frameworks */,
				B7A008AE20F4EBB7003ECA14 /* MessageUI.framework in Frameworks */,
				B7A008AB20F4EBA7003ECA14 /* EventKit.framework in Frameworks */,
				B7A008AC20F4EBA7003ECA14 /* EventKitUI.framework in Frameworks */,
				B7A008A820F4EB93003ECA14 /* CoreTelephony.framework in Frameworks */,
				B73C98E120FD733600DB3A9B /* GoogleMobileAds.framework in Frameworks */,
				B7A008A620F4EB7E003ECA14 /* CoreGraphics.framework in Frameworks */,
				B7A008A420F4EB70003ECA14 /* AVFoundation.framework in Frameworks */,
				B7A008A220F4EB66003ECA14 /* AudioToolbox.framework in Frameworks */,
				B7A008A020F4EB4F003ECA14 /* AdSupport.framework in Frameworks */,
			);
			runOnlyForDeploymentPostprocessing = 0;
		};
/* End PBXFrameworksBuildPhase section */

/* Begin PBXGroup section */
		B700E97820DB5BBD0084FFD6 = {
			isa = PBXGroup;
			children = (
				B73C98E020FD733500DB3A9B /* GoogleMobileAds.framework */,
				B700E98320DB5BBD0084FFD6 /* Feedmin */,
				B700E98220DB5BBD0084FFD6 /* Products */,
				B700E9A920DBB4D40084FFD6 /* images */,
				B7A0089E20F4EB4E003ECA14 /* Frameworks */,
			);
			sourceTree = "<group>";
		};
		B700E98220DB5BBD0084FFD6 /* Products */ = {
			isa = PBXGroup;
			children = (
				B700E98120DB5BBD0084FFD6 /* Feedmin.app */,
			);
			name = Products;
			sourceTree = "<group>";
		};
		B700E98320DB5BBD0084FFD6 /* Feedmin */ = {
			isa = PBXGroup;
			children = (
				B700E98820DB5BBD0084FFD6 /* Main.storyboard */,
				B73C98E42105A99600DB3A9B /* TimeLine.storyboard */,
				B73C98E62105A9BE00DB3A9B /* Favorite.storyboard */,
				B73C98E82105A9E400DB3A9B /* Setting.storyboard */,
				B74343CD20E8C45A0037A13F /* getRssFeedViewController.swift */,
				B700E98420DB5BBD0084FFD6 /* AppDelegate.swift */,
				B700E9B420DBC00E0084FFD6 /* timeLineTableViewController.swift */,
				B7486B9420E0F82700B9E27D /* articleNumTableViewController.swift */,
				B7486B8420E0BC0800B9E27D /* animalCollectionViewController.swift */,
				B700E9CA20DD1DE60084FFD6 /* selectSiteCell.xib */,
				B700E9CC20DD1FA90084FFD6 /* selectSiteCell.swift */,
				B700E9C820DD025F0084FFD6 /* SelectSiteTableViewController.swift */,
				B74343CF20E8FF0B0037A13F /* togaminViewController.swift */,
				B700E9BE20DBE4130084FFD6 /* favArticleViewController.swift */,
				B700E9BC20DBDC480084FFD6 /* favTableViewController.swift */,
				B700E9BA20DBD8250084FFD6 /* myTabViewController.swift */,
				B700E9B820DBD0E40084FFD6 /* articleViewController.swift */,
				B700E9A520DBB3E10084FFD6 /* mainCellView.xib */,
				B74343D320E910860037A13F /* FeedminCell.xib */,
				B74343D120E908410037A13F /* FeedminTableViewController.swift */,
				B74343DB20E919FC0037A13F /* FeedminViewController.swift */,
				B700E9A720DBB45A0084FFD6 /* mainCellView.swift */,
				B700E99D20DB6D620084FFD6 /* seturlTableViewController.swift */,
				B7A008B320F61BCD003ECA14 /* EditSiteTableViewController.swift */,
				B700E99F20DB6FB00084FFD6 /* InfoItem.swift */,
				B700E9A320DB87480084FFD6 /* coreData.swift */,
				B700E99B20DB62770084FFD6 /* SettingTableTableViewController.swift */,
				B7486C2C20E7A49B00B9E27D /* SwiftyJSON.swift */,
				B700E99020DB5BC70084FFD6 /* LaunchScreen.storyboard */,
				B700E98E20DB5BC70084FFD6 /* Assets.xcassets */,
				B700E99320DB5BC70084FFD6 /* Info.plist */,
				B700E98B20DB5BBD0084FFD6 /* Feedmin.xcdatamodeld */,
			);
			path = Feedmin;
			sourceTree = "<group>";
		};
		B700E9A920DBB4D40084FFD6 /* images */ = {
			isa = PBXGroup;
			children = (
				B74343DD20EA03D60037A13F /* setting.png */,
				B74343D520E911400037A13F /* feedmin01.png */,
				B74343D720E911400037A13F /* feedmin02.png */,
				B74343D620E911400037A13F /* feedmin03.png */,
				B7486BD520E3E93E00B9E27D /* animal35.png */,
				B7486BD420E3E93D00B9E27D /* animal36.png */,
				B7486BD920E3E93F00B9E27D /* animal37.png */,
				B7486BD820E3E93F00B9E27D /* animal38.png */,
				B7486BD620E3E93E00B9E27D /* animal39.png */,
				B7486BD720E3E93E00B9E27D /* animal40.png */,
				B7486BE420E3ED4B00B9E27D /* animal45.png */,
				B7486BE120E3ED4900B9E27D /* animal41.png */,
				B7486BE220E3ED4A00B9E27D /* animal42.png */,
				B7486BE320E3ED4B00B9E27D /* animal43.png */,
				B7486BE020E3ED4900B9E27D /* animal44.png */,
				B7486C0B20E4E34100B9E27D /* animal46.png */,
				B7486C0D20E4E34D00B9E27D /* animal47.png */,
				B7486C0E20E4E34D00B9E27D /* animal48.png */,
				B7486C1020E4E34E00B9E27D /* animal49.png */,
				B7486C0F20E4E34D00B9E27D /* animal50.png */,
				B7486C1920E4FDFF00B9E27D /* animal51.png */,
				B7486C1A20E4FDFF00B9E27D /* animal52.png */,
				B7486C1820E4FDFE00B9E27D /* animal53.png */,
				B7486C1520E4FDFD00B9E27D /* animal54.png */,
				B7486C1720E4FDFE00B9E27D /* animal55.png */,
				B7486C1620E4FDFD00B9E27D /* animal56.png */,
				B7486BD020E378C600B9E27D /* fav02.png */,
				B7486BD120E378C600B9E27D /* fav01.png */,
				B700E9C020DCCD570084FFD6 /* menuIco.png */,
				B700E9C220DCD61F0084FFD6 /* menuIco38.png */,
				B700E9C420DCD7290084FFD6 /* menuIco60.png */,
				B700E9AA20DBB4D40084FFD6 /* default01.png */,
				B700E9B620DBC1A60084FFD6 /* animal01.png */,
				B7486B9620E12E2600B9E27D /* animal02.png */,
				B7486B8A20E0D46D00B9E27D /* animal03.png */,
				B7486B8C20E0D4C900B9E27D /* animal04.png */,
				B7486B8E20E0D56500B9E27D /* animal05.png */,
				B7486B9020E0D65000B9E27D /* animal06.png */,
				B7486B9220E0D6D900B9E27D /* animal07.png */,
				B7486B9820E12F6800B9E27D /* animal08.png */,
				B7486B9A20E1307300B9E27D /* animal09.png */,
				B7486B9E20E1346F00B9E27D /* animal10.png */,
				B7486BA220E1347000B9E27D /* animal11.png */,
				B7486BA120E1347000B9E27D /* animal12.png */,
				B7486BA020E1346F00B9E27D /* animal13.png */,
				B7486BA320E1347000B9E27D /* animal14.png */,
				B7486BA420E1347000B9E27D /* animal15.png */,
				B7486B9F20E1346F00B9E27D /* animal16.png */,
				B7486BB220E13DFA00B9E27D /* animal17.png */,
				B7486BB920E13DFB00B9E27D /* animal18.png */,
				B7486BAD20E13DF800B9E27D /* animal19.png */,
				B7486BB820E13DFB00B9E27D /* animal20.png */,
				B7486BB020E13DFA00B9E27D /* animal21.png */,
				B7486BAF20E13DF900B9E27D /* animal22.png */,
				B7486BAE20E13DF900B9E27D /* animal23.png */,
				B7486BB120E13DFA00B9E27D /* animal24.png */,
				B7486BBB20E13DFC00B9E27D /* animal25.png */,
				B7486BB520E13DFB00B9E27D /* animal26.png */,
				B7486BBC20E13DFC00B9E27D /* animal27.png */,
				B7486BB320E13DFA00B9E27D /* animal28.png */,
				B7486BB620E13DFB00B9E27D /* animal29.png */,
				B7486BB720E13DFB00B9E27D /* animal30.png */,
				B7486BBD20E13DFD00B9E27D /* animal31.png */,
				B7486BB420E13DFA00B9E27D /* animal32.png */,
				B7486BBA20E13DFB00B9E27D /* animal33.png */,
				B7486BAC20E13DF800B9E27D /* animal34.png */,
			);
			path = images;
			sourceTree = "<group>";
		};
		B7A0089E20F4EB4E003ECA14 /* Frameworks */ = {
			isa = PBXGroup;
			children = (
				B7A008B120F4EBCF003ECA14 /* SystemConfiguration.framework */,
				B7A008AF20F4EBC4003ECA14 /* StoreKit.framework */,
				B7A008AD20F4EBB7003ECA14 /* MessageUI.framework */,
				B7A008A920F4EBA6003ECA14 /* EventKit.framework */,
				B7A008AA20F4EBA7003ECA14 /* EventKitUI.framework */,
				B7A008A720F4EB93003ECA14 /* CoreTelephony.framework */,
				B7A008A520F4EB7E003ECA14 /* CoreGraphics.framework */,
				B7A008A320F4EB70003ECA14 /* AVFoundation.framework */,
				B7A008A120F4EB66003ECA14 /* AudioToolbox.framework */,
				B7A0089F20F4EB4F003ECA14 /* AdSupport.framework */,
			);
			name = Frameworks;
			sourceTree = "<group>";
		};
/* End PBXGroup section */

/* Begin PBXNativeTarget section */
		B700E98020DB5BBD0084FFD6 /* Feedmin */ = {
			isa = PBXNativeTarget;
			buildConfigurationList = B700E99620DB5BC70084FFD6 /* Build configuration list for PBXNativeTarget "Feedmin" */;
			buildPhases = (
				B700E97D20DB5BBD0084FFD6 /* Sources */,
				B700E97E20DB5BBD0084FFD6 /* Frameworks */,
				B700E97F20DB5BBD0084FFD6 /* Resources */,
			);
			buildRules = (
			);
			dependencies = (
			);
			name = Feedmin;
			productName = Feedmin;
			productReference = B700E98120DB5BBD0084FFD6 /* Feedmin.app */;
			productType = "com.apple.product-type.application";
		};
/* End PBXNativeTarget section */

/* Begin PBXProject section */
		B700E97920DB5BBD0084FFD6 /* Project object */ = {
			isa = PBXProject;
			attributes = {
				LastSwiftUpdateCheck = 0930;
				LastUpgradeCheck = 0930;
				ORGANIZATIONNAME = "Togami Yuki";
				TargetAttributes = {
					B700E98020DB5BBD0084FFD6 = {
						CreatedOnToolsVersion = 9.3.1;
						SystemCapabilities = {
							com.apple.BackgroundModes = {
								enabled = 1;
							};
						};
					};
				};
			};
			buildConfigurationList = B700E97C20DB5BBD0084FFD6 /* Build configuration list for PBXProject "Feedmin" */;
			compatibilityVersion = "Xcode 9.3";
			developmentRegion = en;
			hasScannedForEncodings = 0;
			knownRegions = (
				en,
				Base,
			);
			mainGroup = B700E97820DB5BBD0084FFD6;
			productRefGroup = B700E98220DB5BBD0084FFD6 /* Products */;
			projectDirPath = "";
			projectRoot = "";
			targets = (
				B700E98020DB5BBD0084FFD6 /* Feedmin */,
			);
		};
/* End PBXProject section */

/* Begin PBXResourcesBuildPhase section */
		B700E97F20DB5BBD0084FFD6 /* Resources */ = {
			isa = PBXResourcesBuildPhase;
			buildActionMask = 2147483647;
			files = (
				B700E99220DB5BC70084FFD6 /* LaunchScreen.storyboard in Resources */,
				B700E9B720DBC1A60084FFD6 /* animal01.png in Resources */,
				B7486BCA20E13DFD00B9E27D /* animal20.png in Resources */,
				B7486B8D20E0D4C900B9E27D /* animal04.png in Resources */,
				B7486BA520E1347100B9E27D /* animal10.png in Resources */,
				B700E9C320DCD6200084FFD6 /* menuIco38.png in Resources */,
				B7486C1C20E4FE0100B9E27D /* animal56.png in Resources */,
				B7486BCB20E13DFD00B9E27D /* animal18.png in Resources */,
				B7486BE620E3ED4B00B9E27D /* animal41.png in Resources */,
				B7486BC620E13DFD00B9E27D /* animal32.png in Resources */,
				B7486BCC20E13DFD00B9E27D /* animal33.png in Resources */,
				B7486B9320E0D6D900B9E27D /* animal07.png in Resources */,
				B7486BBF20E13DFD00B9E27D /* animal19.png in Resources */,
				B7486C1220E4E34E00B9E27D /* animal48.png in Resources */,
				B7486BE920E3ED4B00B9E27D /* animal45.png in Resources */,
				B7486B8F20E0D56500B9E27D /* animal05.png in Resources */,
				B700E9A620DBB3E10084FFD6 /* mainCellView.xib in Resources */,
				B7486BE520E3ED4B00B9E27D /* animal44.png in Resources */,
				B74343D820E911410037A13F /* feedmin01.png in Resources */,
				B7486BE720E3ED4B00B9E27D /* animal42.png in Resources */,
				B7486C1320E4E34E00B9E27D /* animal50.png in Resources */,
				B7486BC920E13DFD00B9E27D /* animal30.png in Resources */,
				B7486C0C20E4E34100B9E27D /* animal46.png in Resources */,
				B7486B8B20E0D46D00B9E27D /* animal03.png in Resources */,
				B7486C1B20E4FE0100B9E27D /* animal54.png in Resources */,
				B7486BDF20E3E93F00B9E27D /* animal37.png in Resources */,
				B73C98E72105A9BE00DB3A9B /* Favorite.storyboard in Resources */,
				B700E9C520DCD7290084FFD6 /* menuIco60.png in Resources */,
				B7486BBE20E13DFD00B9E27D /* animal34.png in Resources */,
				B7486C1D20E4FE0100B9E27D /* animal55.png in Resources */,
				B7486BC720E13DFD00B9E27D /* animal26.png in Resources */,
				B7486BDE20E3E93F00B9E27D /* animal38.png in Resources */,
				B7486BA620E1347100B9E27D /* animal16.png in Resources */,
				B7486BC420E13DFD00B9E27D /* animal17.png in Resources */,
				B73C98E52105A99600DB3A9B /* TimeLine.storyboard in Resources */,
				B74343D420E910860037A13F /* FeedminCell.xib in Resources */,
				B7486BC820E13DFD00B9E27D /* animal29.png in Resources */,
				B7486BD320E378C700B9E27D /* fav01.png in Resources */,
				B700E98F20DB5BC70084FFD6 /* Assets.xcassets in Resources */,
				B74343D920E911410037A13F /* feedmin03.png in Resources */,
				B7486BE820E3ED4B00B9E27D /* animal43.png in Resources */,
				B7486BAA20E1347100B9E27D /* animal14.png in Resources */,
				B700E9CB20DD1DE60084FFD6 /* selectSiteCell.xib in Resources */,
				B74343DA20E911410037A13F /* feedmin02.png in Resources */,
				B7486BCE20E13DFD00B9E27D /* animal27.png in Resources */,
				B7486BDA20E3E93F00B9E27D /* animal36.png in Resources */,
				B7486BC020E13DFD00B9E27D /* animal23.png in Resources */,
				B700E98A20DB5BBD0084FFD6 /* Main.storyboard in Resources */,
				B7486BC220E13DFD00B9E27D /* animal21.png in Resources */,
				B700E9C120DCCD580084FFD6 /* menuIco.png in Resources */,
				B7486BC520E13DFD00B9E27D /* animal28.png in Resources */,
				B7486C1120E4E34E00B9E27D /* animal47.png in Resources */,
				B7486BA820E1347100B9E27D /* animal12.png in Resources */,
				B7486BCF20E13DFD00B9E27D /* animal31.png in Resources */,
				B7486C1E20E4FE0100B9E27D /* animal53.png in Resources */,
				B7486BA920E1347100B9E27D /* animal11.png in Resources */,
				B7486B9720E12E2600B9E27D /* animal02.png in Resources */,
				B7486C1F20E4FE0100B9E27D /* animal51.png in Resources */,
				B7486C2020E4FE0100B9E27D /* animal52.png in Resources */,
				B7486BDD20E3E93F00B9E27D /* animal40.png in Resources */,
				B7486B9120E0D65000B9E27D /* animal06.png in Resources */,
				B7486BDB20E3E93F00B9E27D /* animal35.png in Resources */,
				B73C98E92105A9E400DB3A9B /* Setting.storyboard in Resources */,
				B7486BCD20E13DFD00B9E27D /* animal25.png in Resources */,
				B700E9AB20DBB4D40084FFD6 /* default01.png in Resources */,
				B7486BA720E1347100B9E27D /* animal13.png in Resources */,
				B7486C1420E4E34E00B9E27D /* animal49.png in Resources */,
				B7486BC120E13DFD00B9E27D /* animal22.png in Resources */,
				B7486B9B20E1307400B9E27D /* animal09.png in Resources */,
				B7486BC320E13DFD00B9E27D /* animal24.png in Resources */,
				B7486B9920E12F6800B9E27D /* animal08.png in Resources */,
				B74343DE20EA03D70037A13F /* setting.png in Resources */,
				B7486BDC20E3E93F00B9E27D /* animal39.png in Resources */,
				B7486BD220E378C700B9E27D /* fav02.png in Resources */,
				B7486BAB20E1347100B9E27D /* animal15.png in Resources */,
			);
			runOnlyForDeploymentPostprocessing = 0;
		};
/* End PBXResourcesBuildPhase section */

/* Begin PBXSourcesBuildPhase section */
		B700E97D20DB5BBD0084FFD6 /* Sources */ = {
			isa = PBXSourcesBuildPhase;
			buildActionMask = 2147483647;
			files = (
				B74343DC20E919FC0037A13F /* FeedminViewController.swift in Sources */,
				B74343D220E908410037A13F /* FeedminTableViewController.swift in Sources */,
				B700E99E20DB6D620084FFD6 /* seturlTableViewController.swift in Sources */,
				B7486B9520E0F82700B9E27D /* articleNumTableViewController.swift in Sources */,
				B700E9A020DB6FB00084FFD6 /* InfoItem.swift in Sources */,
				B700E9CD20DD1FA90084FFD6 /* selectSiteCell.swift in Sources */,
				B700E9B920DBD0E40084FFD6 /* articleViewController.swift in Sources */,
				B700E9A420DB87480084FFD6 /* coreData.swift in Sources */,
				B700E99C20DB62770084FFD6 /* SettingTableTableViewController.swift in Sources */,
				B700E9A820DBB45A0084FFD6 /* mainCellView.swift in Sources */,
				B7A008B420F61BCD003ECA14 /* EditSiteTableViewController.swift in Sources */,
				B74343D020E8FF0B0037A13F /* togaminViewController.swift in Sources */,
				B7486B8520E0BC0800B9E27D /* animalCollectionViewController.swift in Sources */,
				B700E9BD20DBDC480084FFD6 /* favTableViewController.swift in Sources */,
				B700E9BB20DBD8250084FFD6 /* myTabViewController.swift in Sources */,
				B700E98520DB5BBD0084FFD6 /* AppDelegate.swift in Sources */,
				B700E9BF20DBE4130084FFD6 /* favArticleViewController.swift in Sources */,
				B700E98D20DB5BBD0084FFD6 /* Feedmin.xcdatamodeld in Sources */,
				B7486C2D20E7A49C00B9E27D /* SwiftyJSON.swift in Sources */,
				B74343CE20E8C45B0037A13F /* getRssFeedViewController.swift in Sources */,
				B700E9C920DD025F0084FFD6 /* SelectSiteTableViewController.swift in Sources */,
				B700E9B520DBC00E0084FFD6 /* timeLineTableViewController.swift in Sources */,
			);
			runOnlyForDeploymentPostprocessing = 0;
		};
/* End PBXSourcesBuildPhase section */

/* Begin PBXVariantGroup section */
		B700E98820DB5BBD0084FFD6 /* Main.storyboard */ = {
			isa = PBXVariantGroup;
			children = (
				B700E98920DB5BBD0084FFD6 /* Base */,
			);
			name = Main.storyboard;
			sourceTree = "<group>";
		};
		B700E99020DB5BC70084FFD6 /* LaunchScreen.storyboard */ = {
			isa = PBXVariantGroup;
			children = (
				B700E99120DB5BC70084FFD6 /* Base */,
			);
			name = LaunchScreen.storyboard;
			sourceTree = "<group>";
		};
/* End PBXVariantGroup section */

/* Begin XCBuildConfiguration section */
		B700E99420DB5BC70084FFD6 /* Debug */ = {
			isa = XCBuildConfiguration;
			buildSettings = {
				ALWAYS_SEARCH_USER_PATHS = NO;
				CLANG_ANALYZER_NONNULL = YES;
				CLANG_ANALYZER_NUMBER_OBJECT_CONVERSION = YES_AGGRESSIVE;
				CLANG_CXX_LANGUAGE_STANDARD = "gnu++14";
				CLANG_CXX_LIBRARY = "libc++";
				CLANG_ENABLE_MODULES = YES;
				CLANG_ENABLE_OBJC_ARC = YES;
				CLANG_ENABLE_OBJC_WEAK = YES;
				CLANG_WARN_BLOCK_CAPTURE_AUTORELEASING = YES;
				CLANG_WARN_BOOL_CONVERSION = YES;
				CLANG_WARN_COMMA = YES;
				CLANG_WARN_CONSTANT_CONVERSION = YES;
				CLANG_WARN_DEPRECATED_OBJC_IMPLEMENTATIONS = YES;
				CLANG_WARN_DIRECT_OBJC_ISA_USAGE = YES_ERROR;
				CLANG_WARN_DOCUMENTATION_COMMENTS = YES;
				CLANG_WARN_EMPTY_BODY = YES;
				CLANG_WARN_ENUM_CONVERSION = YES;
				CLANG_WARN_INFINITE_RECURSION = YES;
				CLANG_WARN_INT_CONVERSION = YES;
				CLANG_WARN_NON_LITERAL_NULL_CONVERSION = YES;
				CLANG_WARN_OBJC_IMPLICIT_RETAIN_SELF = YES;
				CLANG_WARN_OBJC_LITERAL_CONVERSION = YES;
				CLANG_WARN_OBJC_ROOT_CLASS = YES_ERROR;
				CLANG_WARN_RANGE_LOOP_ANALYSIS = YES;
				CLANG_WARN_STRICT_PROTOTYPES = YES;
				CLANG_WARN_SUSPICIOUS_MOVE = YES;
				CLANG_WARN_UNGUARDED_AVAILABILITY = YES_AGGRESSIVE;
				CLANG_WARN_UNREACHABLE_CODE = YES;
				CLANG_WARN__DUPLICATE_METHOD_MATCH = YES;
				CODE_SIGN_IDENTITY = "iPhone Developer";
				COPY_PHASE_STRIP = NO;
				DEBUG_INFORMATION_FORMAT = dwarf;
				ENABLE_STRICT_OBJC_MSGSEND = YES;
				ENABLE_TESTABILITY = YES;
				GCC_C_LANGUAGE_STANDARD = gnu11;
				GCC_DYNAMIC_NO_PIC = NO;
				GCC_NO_COMMON_BLOCKS = YES;
				GCC_OPTIMIZATION_LEVEL = 0;
				GCC_PREPROCESSOR_DEFINITIONS = (
					"DEBUG=1",
					"$(inherited)",
				);
				GCC_WARN_64_TO_32_BIT_CONVERSION = YES;
				GCC_WARN_ABOUT_RETURN_TYPE = YES_ERROR;
				GCC_WARN_UNDECLARED_SELECTOR = YES;
				GCC_WARN_UNINITIALIZED_AUTOS = YES_AGGRESSIVE;
				GCC_WARN_UNUSED_FUNCTION = YES;
				GCC_WARN_UNUSED_VARIABLE = YES;
				IPHONEOS_DEPLOYMENT_TARGET = 11.3;
				MTL_ENABLE_DEBUG_INFO = YES;
				ONLY_ACTIVE_ARCH = YES;
				SDKROOT = iphoneos;
				SWIFT_ACTIVE_COMPILATION_CONDITIONS = DEBUG;
				SWIFT_OPTIMIZATION_LEVEL = "-Onone";
			};
			name = Debug;
		};
		B700E99520DB5BC70084FFD6 /* Release */ = {
			isa = XCBuildConfiguration;
			buildSettings = {
				ALWAYS_SEARCH_USER_PATHS = NO;
				CLANG_ANALYZER_NONNULL = YES;
				CLANG_ANALYZER_NUMBER_OBJECT_CONVERSION = YES_AGGRESSIVE;
				CLANG_CXX_LANGUAGE_STANDARD = "gnu++14";
				CLANG_CXX_LIBRARY = "libc++";
				CLANG_ENABLE_MODULES = YES;
				CLANG_ENABLE_OBJC_ARC = YES;
				CLANG_ENABLE_OBJC_WEAK = YES;
				CLANG_WARN_BLOCK_CAPTURE_AUTORELEASING = YES;
				CLANG_WARN_BOOL_CONVERSION = YES;
				CLANG_WARN_COMMA = YES;
				CLANG_WARN_CONSTANT_CONVERSION = YES;
				CLANG_WARN_DEPRECATED_OBJC_IMPLEMENTATIONS = YES;
				CLANG_WARN_DIRECT_OBJC_ISA_USAGE = YES_ERROR;
				CLANG_WARN_DOCUMENTATION_COMMENTS = YES;
				CLANG_WARN_EMPTY_BODY = YES;
				CLANG_WARN_ENUM_CONVERSION = YES;
				CLANG_WARN_INFINITE_RECURSION = YES;
				CLANG_WARN_INT_CONVERSION = YES;
				CLANG_WARN_NON_LITERAL_NULL_CONVERSION = YES;
				CLANG_WARN_OBJC_IMPLICIT_RETAIN_SELF = YES;
				CLANG_WARN_OBJC_LITERAL_CONVERSION = YES;
				CLANG_WARN_OBJC_ROOT_CLASS = YES_ERROR;
				CLANG_WARN_RANGE_LOOP_ANALYSIS = YES;
				CLANG_WARN_STRICT_PROTOTYPES = YES;
				CLANG_WARN_SUSPICIOUS_MOVE = YES;
				CLANG_WARN_UNGUARDED_AVAILABILITY = YES_AGGRESSIVE;
				CLANG_WARN_UNREACHABLE_CODE = YES;
				CLANG_WARN__DUPLICATE_METHOD_MATCH = YES;
				CODE_SIGN_IDENTITY = "iPhone Developer";
				COPY_PHASE_STRIP = NO;
				DEBUG_INFORMATION_FORMAT = "dwarf-with-dsym";
				ENABLE_NS_ASSERTIONS = NO;
				ENABLE_STRICT_OBJC_MSGSEND = YES;
				GCC_C_LANGUAGE_STANDARD = gnu11;
				GCC_NO_COMMON_BLOCKS = YES;
				GCC_WARN_64_TO_32_BIT_CONVERSION = YES;
				GCC_WARN_ABOUT_RETURN_TYPE = YES_ERROR;
				GCC_WARN_UNDECLARED_SELECTOR = YES;
				GCC_WARN_UNINITIALIZED_AUTOS = YES_AGGRESSIVE;
				GCC_WARN_UNUSED_FUNCTION = YES;
				GCC_WARN_UNUSED_VARIABLE = YES;
				IPHONEOS_DEPLOYMENT_TARGET = 11.3;
				MTL_ENABLE_DEBUG_INFO = NO;
				SDKROOT = iphoneos;
				SWIFT_COMPILATION_MODE = wholemodule;
				SWIFT_OPTIMIZATION_LEVEL = "-O";
				VALIDATE_PRODUCT = YES;
			};
			name = Release;
		};
		B700E99720DB5BC70084FFD6 /* Debug */ = {
			isa = XCBuildConfiguration;
			buildSettings = {
				ASSETCATALOG_COMPILER_APPICON_NAME = AppIcon;
				CODE_SIGN_IDENTITY = "iPhone Developer";
				CODE_SIGN_STYLE = Automatic;
				DEVELOPMENT_TEAM = 3647679NTF;
				FRAMEWORK_SEARCH_PATHS = (
					"$(inherited)",
					"$(PROJECT_DIR)",
					"$(PROJECT_DIR)/Feedmin",
				);
				INFOPLIST_FILE = Feedmin/Info.plist;
				IPHONEOS_DEPLOYMENT_TARGET = 11.0;
				LD_RUNPATH_SEARCH_PATHS = (
					"$(inherited)",
					"@executable_path/Frameworks",
				);
				PRODUCT_BUNDLE_IDENTIFIER = togaminnnn.Feedmin;
				PRODUCT_NAME = "$(TARGET_NAME)";
				PROVISIONING_PROFILE = "";
				PROVISIONING_PROFILE_SPECIFIER = "";
				SWIFT_VERSION = 4.0;
				TARGETED_DEVICE_FAMILY = 1;
			};
			name = Debug;
		};
		B700E99820DB5BC70084FFD6 /* Release */ = {
			isa = XCBuildConfiguration;
			buildSettings = {
				ASSETCATALOG_COMPILER_APPICON_NAME = AppIcon;
				CODE_SIGN_IDENTITY = "iPhone Developer";
				CODE_SIGN_STYLE = Automatic;
				DEVELOPMENT_TEAM = 3647679NTF;
				FRAMEWORK_SEARCH_PATHS = (
					"$(inherited)",
					"$(PROJECT_DIR)",
					"$(PROJECT_DIR)/Feedmin",
				);
				INFOPLIST_FILE = Feedmin/Info.plist;
				IPHONEOS_DEPLOYMENT_TARGET = 11.0;
				LD_RUNPATH_SEARCH_PATHS = (
					"$(inherited)",
					"@executable_path/Frameworks",
				);
				PRODUCT_BUNDLE_IDENTIFIER = togaminnnn.Feedmin;
				PRODUCT_NAME = "$(TARGET_NAME)";
				PROVISIONING_PROFILE = "";
				PROVISIONING_PROFILE_SPECIFIER = "";
				SWIFT_VERSION = 4.0;
				TARGETED_DEVICE_FAMILY = 1;
			};
			name = Release;
		};
/* End XCBuildConfiguration section */

/* Begin XCConfigurationList section */
		B700E97C20DB5BBD0084FFD6 /* Build configuration list for PBXProject "Feedmin" */ = {
			isa = XCConfigurationList;
			buildConfigurations = (
				B700E99420DB5BC70084FFD6 /* Debug */,
				B700E99520DB5BC70084FFD6 /* Release */,
			);
			defaultConfigurationIsVisible = 0;
			defaultConfigurationName = Release;
		};
		B700E99620DB5BC70084FFD6 /* Build configuration list for PBXNativeTarget "Feedmin" */ = {
			isa = XCConfigurationList;
			buildConfigurations = (
				B700E99720DB5BC70084FFD6 /* Debug */,
				B700E99820DB5BC70084FFD6 /* Release */,
			);
			defaultConfigurationIsVisible = 0;
			defaultConfigurationName = Release;
		};
/* End XCConfigurationList section */

/* Begin XCVersionGroup section */
		B700E98B20DB5BBD0084FFD6 /* Feedmin.xcdatamodeld */ = {
			isa = XCVersionGroup;
			children = (
				B700E98C20DB5BBD0084FFD6 /* Feedmin.xcdatamodel */,
			);
			currentVersion = B700E98C20DB5BBD0084FFD6 /* Feedmin.xcdatamodel */;
			path = Feedmin.xcdatamodeld;
			sourceTree = "<group>";
			versionGroupType = wrapper.xcdatamodel;
		};
/* End XCVersionGroup section */
	};
	rootObject = B700E97920DB5BBD0084FFD6 /* Project object */;
}
